
Microsoft Visual Studio Solution File, Format Version 12.00
# Visual Studio Version 17
VisualStudioVersion = 17.6.33723.286
MinimumVisualStudioVersion = 10.0.40219.1
Project("{2150E333-8FDC-42A3-9474-1A3956D46DE8}") = "src", "src", "{CEE5F695-47E6-44CE-8683-F50E668152DF}"
EndProject
Project("{2150E333-8FDC-42A3-9474-1A3956D46DE8}") = "corePackages", "corePackages", "{38974385-730E-47F2-8413-EFDC553B237C}"
EndProject
Project("{2150E333-8FDC-42A3-9474-1A3956D46DE8}") = "projects", "projects", "{58F1ED89-7752-4764-989E-28435B57E67C}"
EndProject
Project("{9A19103F-16F7-4668-BE54-9A1E7A4F7556}") = "Core.CrossCuttingConcerns", "src\corePackages\Core.CrossCuttingConcerns\Core.CrossCuttingConcerns.csproj", "{9222C391-7497-46E8-95D8-FC22F1061D47}"
EndProject
Project("{9A19103F-16F7-4668-BE54-9A1E7A4F7556}") = "Core.Persistance", "src\corePackages\Core.Persistance\Core.Persistance.csproj", "{7AC15268-FF8B-40EC-ADF3-41A5BF47C110}"
EndProject
Project("{9A19103F-16F7-4668-BE54-9A1E7A4F7556}") = "Core.Shared", "src\corePackages\Core.Shared\Core.Shared.csproj", "{E5239931-342F-4B18-99B0-C28458E67B07}"
EndProject
Project("{2150E333-8FDC-42A3-9474-1A3956D46DE8}") = "AuthServer", "AuthServer", "{B8EAF590-1BFF-44F4-8AFB-349B2742F305}"
EndProject
Project("{2150E333-8FDC-42A3-9474-1A3956D46DE8}") = "Services", "Services", "{34BAECE2-951D-4026-9B4A-EF5C50481C84}"
EndProject
Project("{9A19103F-16F7-4668-BE54-9A1E7A4F7556}") = "Core.Application", "src\corePackages\Core.Application\Core.Application.csproj", "{B54178E2-51EA-4B52-B30E-8AA5868E4A4D}"
EndProject
Project("{9A19103F-16F7-4668-BE54-9A1E7A4F7556}") = "Core.Security", "src\corePackages\Core.Security\Core.Security.csproj", "{F6CCD74F-E812-4F4B-9952-D9A2EBCECC96}"
EndProject
Project("{2150E333-8FDC-42A3-9474-1A3956D46DE8}") = "SocialMedia", "SocialMedia", "{1980B19B-2421-4A44-9108-008F6EDB9AE7}"
EndProject
Project("{9A19103F-16F7-4668-BE54-9A1E7A4F7556}") = "Application", "src\projects\Services\SocialMedia\Application\Application.csproj", "{0A507EF2-7DCC-4BD8-9BC2-370FD9F23F30}"
EndProject
Project("{9A19103F-16F7-4668-BE54-9A1E7A4F7556}") = "Persistance", "src\projects\Services\SocialMedia\Persistance\Persistance.csproj", "{B24602FB-BAD5-47E2-92FC-0A94649D607D}"
EndProject
Project("{9A19103F-16F7-4668-BE54-9A1E7A4F7556}") = "Domain", "src\projects\Services\SocialMedia\Domain\Domain.csproj", "{71FA9654-E31E-445D-93C0-A4D8F61B6AA0}"
EndProject
Project("{9A19103F-16F7-4668-BE54-9A1E7A4F7556}") = "WebAPI", "src\projects\Services\SocialMedia\WebAPI\WebAPI.csproj", "{15EE8321-86D2-4806-91E1-8C99EEDB2EAD}"
EndProject
Project("{2150E333-8FDC-42A3-9474-1A3956D46DE8}") = "Game", "Game", "{84C54807-821C-42FD-A91D-B86B9594FE5A}"
EndProject
Project("{9A19103F-16F7-4668-BE54-9A1E7A4F7556}") = "Application", "src\projects\Services\Game\Application\Application.csproj", "{E933A28A-3089-4E4F-9EE5-0458CFD083AA}"
EndProject
Project("{9A19103F-16F7-4668-BE54-9A1E7A4F7556}") = "Domain", "src\projects\Services\Game\Domain\Domain.csproj", "{308308C7-8CB2-4B7F-86D7-D7C0A54FD5BC}"
EndProject
Project("{9A19103F-16F7-4668-BE54-9A1E7A4F7556}") = "Persistance", "src\projects\Services\Game\Persistance\Persistance.csproj", "{F23581AC-FFBF-434A-A5E5-42AEA28F3FD3}"
EndProject
Project("{9A19103F-16F7-4668-BE54-9A1E7A4F7556}") = "WebAPI", "src\projects\Services\Game\WebAPI\WebAPI.csproj", "{728F87FE-2388-4FAC-AB5E-277364753F2E}"
EndProject
Project("{2150E333-8FDC-42A3-9474-1A3956D46DE8}") = "Gateways", "Gateways", "{C994BA5E-25FE-4016-9168-EB009D7D9978}"
EndProject
Project("{9A19103F-16F7-4668-BE54-9A1E7A4F7556}") = "AuthServer.API", "src\projects\AuthServer\AuthServer.API\AuthServer.API.csproj", "{F01346B0-D8DB-4F0E-8B44-14F3EEF21DD0}"
EndProject
Project("{9A19103F-16F7-4668-BE54-9A1E7A4F7556}") = "TurkeyCities.API", "src\projects\Services\TurkeyCities.API\TurkeyCities.API.csproj", "{3B168D7E-3EF0-4A10-95C0-80DCEFFFC0A9}"
EndProject
Project("{9A19103F-16F7-4668-BE54-9A1E7A4F7556}") = "WebGateway", "src\projects\Gateways\WebGateway\WebGateway.csproj", "{A4DD924A-70EB-4D29-BDBB-014C23C0ACD0}"
EndProject
Project("{2150E333-8FDC-42A3-9474-1A3956D46DE8}") = "IBANAccount", "IBANAccount", "{E1598A72-B6BD-4BB5-94E0-F7BAA4A704A8}"
EndProject
Project("{9A19103F-16F7-4668-BE54-9A1E7A4F7556}") = "IBANAccount.API", "src\projects\Services\IBANAccount\IBANAccount.API\IBANAccount.API.csproj", "{BCF565E5-21DF-4A95-9560-3A9EFB2C3B5D}"
EndProject
Project("{2150E333-8FDC-42A3-9474-1A3956D46DE8}") = "CryptoAccount", "CryptoAccount", "{C275EEB8-69AE-4391-94DB-670F1CF8161E}"
EndProject
Project("{9A19103F-16F7-4668-BE54-9A1E7A4F7556}") = "WebAPI", "src\projects\Services\CyrptoAccount\WebAPI\WebAPI.csproj", "{5EA78179-AAE8-476D-8630-37FBB19E71FC}"
EndProject
Global
	GlobalSection(SolutionConfigurationPlatforms) = preSolution
		Debug|Any CPU = Debug|Any CPU
		Release|Any CPU = Release|Any CPU
	EndGlobalSection
	GlobalSection(ProjectConfigurationPlatforms) = postSolution
		{9222C391-7497-46E8-95D8-FC22F1061D47}.Debug|Any CPU.ActiveCfg = Debug|Any CPU
		{9222C391-7497-46E8-95D8-FC22F1061D47}.Debug|Any CPU.Build.0 = Debug|Any CPU
		{9222C391-7497-46E8-95D8-FC22F1061D47}.Release|Any CPU.ActiveCfg = Release|Any CPU
		{9222C391-7497-46E8-95D8-FC22F1061D47}.Release|Any CPU.Build.0 = Release|Any CPU
		{7AC15268-FF8B-40EC-ADF3-41A5BF47C110}.Debug|Any CPU.ActiveCfg = Debug|Any CPU
		{7AC15268-FF8B-40EC-ADF3-41A5BF47C110}.Debug|Any CPU.Build.0 = Debug|Any CPU
		{7AC15268-FF8B-40EC-ADF3-41A5BF47C110}.Release|Any CPU.ActiveCfg = Release|Any CPU
		{7AC15268-FF8B-40EC-ADF3-41A5BF47C110}.Release|Any CPU.Build.0 = Release|Any CPU
		{E5239931-342F-4B18-99B0-C28458E67B07}.Debug|Any CPU.ActiveCfg = Debug|Any CPU
		{E5239931-342F-4B18-99B0-C28458E67B07}.Debug|Any CPU.Build.0 = Debug|Any CPU
		{E5239931-342F-4B18-99B0-C28458E67B07}.Release|Any CPU.ActiveCfg = Release|Any CPU
		{E5239931-342F-4B18-99B0-C28458E67B07}.Release|Any CPU.Build.0 = Release|Any CPU
		{B54178E2-51EA-4B52-B30E-8AA5868E4A4D}.Debug|Any CPU.ActiveCfg = Debug|Any CPU
		{B54178E2-51EA-4B52-B30E-8AA5868E4A4D}.Debug|Any CPU.Build.0 = Debug|Any CPU
		{B54178E2-51EA-4B52-B30E-8AA5868E4A4D}.Release|Any CPU.ActiveCfg = Release|Any CPU
		{B54178E2-51EA-4B52-B30E-8AA5868E4A4D}.Release|Any CPU.Build.0 = Release|Any CPU
		{F6CCD74F-E812-4F4B-9952-D9A2EBCECC96}.Debug|Any CPU.ActiveCfg = Debug|Any CPU
		{F6CCD74F-E812-4F4B-9952-D9A2EBCECC96}.Debug|Any CPU.Build.0 = Debug|Any CPU
		{F6CCD74F-E812-4F4B-9952-D9A2EBCECC96}.Release|Any CPU.ActiveCfg = Release|Any CPU
		{F6CCD74F-E812-4F4B-9952-D9A2EBCECC96}.Release|Any CPU.Build.0 = Release|Any CPU
		{0A507EF2-7DCC-4BD8-9BC2-370FD9F23F30}.Debug|Any CPU.ActiveCfg = Debug|Any CPU
		{0A507EF2-7DCC-4BD8-9BC2-370FD9F23F30}.Debug|Any CPU.Build.0 = Debug|Any CPU
		{0A507EF2-7DCC-4BD8-9BC2-370FD9F23F30}.Release|Any CPU.ActiveCfg = Release|Any CPU
		{0A507EF2-7DCC-4BD8-9BC2-370FD9F23F30}.Release|Any CPU.Build.0 = Release|Any CPU
		{B24602FB-BAD5-47E2-92FC-0A94649D607D}.Debug|Any CPU.ActiveCfg = Debug|Any CPU
		{B24602FB-BAD5-47E2-92FC-0A94649D607D}.Debug|Any CPU.Build.0 = Debug|Any CPU
		{B24602FB-BAD5-47E2-92FC-0A94649D607D}.Release|Any CPU.ActiveCfg = Release|Any CPU
		{B24602FB-BAD5-47E2-92FC-0A94649D607D}.Release|Any CPU.Build.0 = Release|Any CPU
		{71FA9654-E31E-445D-93C0-A4D8F61B6AA0}.Debug|Any CPU.ActiveCfg = Debug|Any CPU
		{71FA9654-E31E-445D-93C0-A4D8F61B6AA0}.Debug|Any CPU.Build.0 = Debug|Any CPU
		{71FA9654-E31E-445D-93C0-A4D8F61B6AA0}.Release|Any CPU.ActiveCfg = Release|Any CPU
		{71FA9654-E31E-445D-93C0-A4D8F61B6AA0}.Release|Any CPU.Build.0 = Release|Any CPU
		{15EE8321-86D2-4806-91E1-8C99EEDB2EAD}.Debug|Any CPU.ActiveCfg = Debug|Any CPU
		{15EE8321-86D2-4806-91E1-8C99EEDB2EAD}.Debug|Any CPU.Build.0 = Debug|Any CPU
		{15EE8321-86D2-4806-91E1-8C99EEDB2EAD}.Release|Any CPU.ActiveCfg = Release|Any CPU
		{15EE8321-86D2-4806-91E1-8C99EEDB2EAD}.Release|Any CPU.Build.0 = Release|Any CPU
		{E933A28A-3089-4E4F-9EE5-0458CFD083AA}.Debug|Any CPU.ActiveCfg = Debug|Any CPU
		{E933A28A-3089-4E4F-9EE5-0458CFD083AA}.Debug|Any CPU.Build.0 = Debug|Any CPU
		{E933A28A-3089-4E4F-9EE5-0458CFD083AA}.Release|Any CPU.ActiveCfg = Release|Any CPU
		{E933A28A-3089-4E4F-9EE5-0458CFD083AA}.Release|Any CPU.Build.0 = Release|Any CPU
		{308308C7-8CB2-4B7F-86D7-D7C0A54FD5BC}.Debug|Any CPU.ActiveCfg = Debug|Any CPU
		{308308C7-8CB2-4B7F-86D7-D7C0A54FD5BC}.Debug|Any CPU.Build.0 = Debug|Any CPU
		{308308C7-8CB2-4B7F-86D7-D7C0A54FD5BC}.Release|Any CPU.ActiveCfg = Release|Any CPU
		{308308C7-8CB2-4B7F-86D7-D7C0A54FD5BC}.Release|Any CPU.Build.0 = Release|Any CPU
		{F23581AC-FFBF-434A-A5E5-42AEA28F3FD3}.Debug|Any CPU.ActiveCfg = Debug|Any CPU
		{F23581AC-FFBF-434A-A5E5-42AEA28F3FD3}.Debug|Any CPU.Build.0 = Debug|Any CPU
		{F23581AC-FFBF-434A-A5E5-42AEA28F3FD3}.Release|Any CPU.ActiveCfg = Release|Any CPU
		{F23581AC-FFBF-434A-A5E5-42AEA28F3FD3}.Release|Any CPU.Build.0 = Release|Any CPU
		{728F87FE-2388-4FAC-AB5E-277364753F2E}.Debug|Any CPU.ActiveCfg = Debug|Any CPU
		{728F87FE-2388-4FAC-AB5E-277364753F2E}.Debug|Any CPU.Build.0 = Debug|Any CPU
		{728F87FE-2388-4FAC-AB5E-277364753F2E}.Release|Any CPU.ActiveCfg = Release|Any CPU
		{728F87FE-2388-4FAC-AB5E-277364753F2E}.Release|Any CPU.Build.0 = Release|Any CPU
		{F01346B0-D8DB-4F0E-8B44-14F3EEF21DD0}.Debug|Any CPU.ActiveCfg = Debug|Any CPU
		{F01346B0-D8DB-4F0E-8B44-14F3EEF21DD0}.Debug|Any CPU.Build.0 = Debug|Any CPU
		{F01346B0-D8DB-4F0E-8B44-14F3EEF21DD0}.Release|Any CPU.ActiveCfg = Release|Any CPU
		{F01346B0-D8DB-4F0E-8B44-14F3EEF21DD0}.Release|Any CPU.Build.0 = Release|Any CPU
		{3B168D7E-3EF0-4A10-95C0-80DCEFFFC0A9}.Debug|Any CPU.ActiveCfg = Debug|Any CPU
		{3B168D7E-3EF0-4A10-95C0-80DCEFFFC0A9}.Debug|Any CPU.Build.0 = Debug|Any CPU
		{3B168D7E-3EF0-4A10-95C0-80DCEFFFC0A9}.Release|Any CPU.ActiveCfg = Release|Any CPU
		{3B168D7E-3EF0-4A10-95C0-80DCEFFFC0A9}.Release|Any CPU.Build.0 = Release|Any CPU
		{A4DD924A-70EB-4D29-BDBB-014C23C0ACD0}.Debug|Any CPU.ActiveCfg = Debug|Any CPU
		{A4DD924A-70EB-4D29-BDBB-014C23C0ACD0}.Debug|Any CPU.Build.0 = Debug|Any CPU
		{A4DD924A-70EB-4D29-BDBB-014C23C0ACD0}.Release|Any CPU.ActiveCfg = Release|Any CPU
		{A4DD924A-70EB-4D29-BDBB-014C23C0ACD0}.Release|Any CPU.Build.0 = Release|Any CPU
		{BCF565E5-21DF-4A95-9560-3A9EFB2C3B5D}.Debug|Any CPU.ActiveCfg = Debug|Any CPU
		{BCF565E5-21DF-4A95-9560-3A9EFB2C3B5D}.Debug|Any CPU.Build.0 = Debug|Any CPU
		{BCF565E5-21DF-4A95-9560-3A9EFB2C3B5D}.Release|Any CPU.ActiveCfg = Release|Any CPU
		{BCF565E5-21DF-4A95-9560-3A9EFB2C3B5D}.Release|Any CPU.Build.0 = Release|Any CPU
		{5EA78179-AAE8-476D-8630-37FBB19E71FC}.Debug|Any CPU.ActiveCfg = Debug|Any CPU
		{5EA78179-AAE8-476D-8630-37FBB19E71FC}.Debug|Any CPU.Build.0 = Debug|Any CPU
		{5EA78179-AAE8-476D-8630-37FBB19E71FC}.Release|Any CPU.ActiveCfg = Release|Any CPU
		{5EA78179-AAE8-476D-8630-37FBB19E71FC}.Release|Any CPU.Build.0 = Release|Any CPU
	EndGlobalSection
	GlobalSection(SolutionProperties) = preSolution
		HideSolutionNode = FALSE
	EndGlobalSection
	GlobalSection(NestedProjects) = preSolution
		{38974385-730E-47F2-8413-EFDC553B237C} = {CEE5F695-47E6-44CE-8683-F50E668152DF}
		{58F1ED89-7752-4764-989E-28435B57E67C} = {CEE5F695-47E6-44CE-8683-F50E668152DF}
		{9222C391-7497-46E8-95D8-FC22F1061D47} = {38974385-730E-47F2-8413-EFDC553B237C}
		{7AC15268-FF8B-40EC-ADF3-41A5BF47C110} = {38974385-730E-47F2-8413-EFDC553B237C}
		{E5239931-342F-4B18-99B0-C28458E67B07} = {38974385-730E-47F2-8413-EFDC553B237C}
		{B8EAF590-1BFF-44F4-8AFB-349B2742F305} = {58F1ED89-7752-4764-989E-28435B57E67C}
		{34BAECE2-951D-4026-9B4A-EF5C50481C84} = {58F1ED89-7752-4764-989E-28435B57E67C}
		{B54178E2-51EA-4B52-B30E-8AA5868E4A4D} = {38974385-730E-47F2-8413-EFDC553B237C}
		{F6CCD74F-E812-4F4B-9952-D9A2EBCECC96} = {38974385-730E-47F2-8413-EFDC553B237C}
		{1980B19B-2421-4A44-9108-008F6EDB9AE7} = {34BAECE2-951D-4026-9B4A-EF5C50481C84}
		{0A507EF2-7DCC-4BD8-9BC2-370FD9F23F30} = {1980B19B-2421-4A44-9108-008F6EDB9AE7}
		{B24602FB-BAD5-47E2-92FC-0A94649D607D} = {1980B19B-2421-4A44-9108-008F6EDB9AE7}
		{71FA9654-E31E-445D-93C0-A4D8F61B6AA0} = {1980B19B-2421-4A44-9108-008F6EDB9AE7}
		{15EE8321-86D2-4806-91E1-8C99EEDB2EAD} = {1980B19B-2421-4A44-9108-008F6EDB9AE7}
		{84C54807-821C-42FD-A91D-B86B9594FE5A} = {34BAECE2-951D-4026-9B4A-EF5C50481C84}
		{E933A28A-3089-4E4F-9EE5-0458CFD083AA} = {84C54807-821C-42FD-A91D-B86B9594FE5A}
		{308308C7-8CB2-4B7F-86D7-D7C0A54FD5BC} = {84C54807-821C-42FD-A91D-B86B9594FE5A}
		{F23581AC-FFBF-434A-A5E5-42AEA28F3FD3} = {84C54807-821C-42FD-A91D-B86B9594FE5A}
		{728F87FE-2388-4FAC-AB5E-277364753F2E} = {84C54807-821C-42FD-A91D-B86B9594FE5A}
		{C994BA5E-25FE-4016-9168-EB009D7D9978} = {58F1ED89-7752-4764-989E-28435B57E67C}
		{F01346B0-D8DB-4F0E-8B44-14F3EEF21DD0} = {B8EAF590-1BFF-44F4-8AFB-349B2742F305}
		{3B168D7E-3EF0-4A10-95C0-80DCEFFFC0A9} = {34BAECE2-951D-4026-9B4A-EF5C50481C84}
		{A4DD924A-70EB-4D29-BDBB-014C23C0ACD0} = {C994BA5E-25FE-4016-9168-EB009D7D9978}
		{E1598A72-B6BD-4BB5-94E0-F7BAA4A704A8} = {34BAECE2-951D-4026-9B4A-EF5C50481C84}
		{BCF565E5-21DF-4A95-9560-3A9EFB2C3B5D} = {E1598A72-B6BD-4BB5-94E0-F7BAA4A704A8}
		{C275EEB8-69AE-4391-94DB-670F1CF8161E} = {34BAECE2-951D-4026-9B4A-EF5C50481C84}
		{5EA78179-AAE8-476D-8630-37FBB19E71FC} = {C275EEB8-69AE-4391-94DB-670F1CF8161E}
	EndGlobalSection
	GlobalSection(ExtensibilityGlobals) = postSolution
		SolutionGuid = {7B549DEC-77B1-4980-B7D6-F0EB42468A14}
	EndGlobalSection
EndGlobal
